
Microsoft Visual Studio Solution File, Format Version 12.00
# Visual Studio Version 17
VisualStudioVersion = 17.10.35013.160
MinimumVisualStudioVersion = 10.0.40219.1
Project("{FAE04EC0-301F-11D3-BF4B-00C04F79EFBC}") = "Win1013Prj", "Win1013Prj\Win1013Prj.csproj", "{942A4459-CEE4-4CAF-A571-858E815BB904}"
EndProject
Global
	GlobalSection(SolutionConfigurationPlatforms) = preSolution
		Debug|Any CPU = Debug|Any CPU
		Release|Any CPU = Release|Any CPU
	EndGlobalSection
	GlobalSection(ProjectConfigurationPlatforms) = postSolution
		{942A4459-CEE4-4CAF-A571-858E815BB904}.Debug|Any CPU.ActiveCfg = Debug|Any CPU
		{942A4459-CEE4-4CAF-A571-858E815BB904}.Debug|Any CPU.Build.0 = Debug|Any CPU
		{942A4459-CEE4-4CAF-A571-858E815BB904}.Release|Any CPU.ActiveCfg = Release|Any CPU
		{942A4459-CEE4-4CAF-A571-858E815BB904}.Release|Any CPU.Build.0 = Release|Any CPU
	EndGlobalSection
	GlobalSection(SolutionProperties) = preSolution
		HideSolutionNode = FALSE
	EndGlobalSection
	GlobalSection(ExtensibilityGlobals) = postSolution
		SolutionGuid = {ACB71D59-B81D-4BA9-B2AD-445FD1CF8182}
	EndGlobalSection
EndGlobal
